
Microsoft Visual Studio Solution File, Format Version 11.00
# Visual Studio 2010
Project("{159641D6-6404-4A2A-AE62-294DE0FE8301}") = "RagNBone", "Integration Services Project1\RagNBone.dtproj", "{3B98887D-DD40-4263-BE03-9D1CA712E782}"
EndProject
Global
	GlobalSection(SolutionConfigurationPlatforms) = preSolution
		Development|Default = Development|Default
	EndGlobalSection
	GlobalSection(ProjectConfigurationPlatforms) = postSolution
		{3B98887D-DD40-4263-BE03-9D1CA712E782}.Development|Default.ActiveCfg = Development
		{3B98887D-DD40-4263-BE03-9D1CA712E782}.Development|Default.Build.0 = Development
	EndGlobalSection
	GlobalSection(SolutionProperties) = preSolution
		HideSolutionNode = FALSE
	EndGlobalSection
EndGlobal
